// !$*UTF8*$!
{
	archiveVersion = 1;
	classes = {
	};
	objectVersion = 51;
	objects = {

/* Begin PBXBuildFile section */
		0E4BA65B26E0E7E20080DE17 /* ForgotPasswordViewController.swift in Sources */ = {isa = PBXBuildFile; fileRef = 0E4BA65A26E0E7E20080DE17 /* ForgotPasswordViewController.swift */; };
		0E50140B26DD77A3004526AA /* OnboardingPageViewController.swift in Sources */ = {isa = PBXBuildFile; fileRef = 0E50140A26DD77A3004526AA /* OnboardingPageViewController.swift */; };
		0E50140D26DF8662004526AA /* PageOnboardingViewController.swift in Sources */ = {isa = PBXBuildFile; fileRef = 0E50140C26DF8662004526AA /* PageOnboardingViewController.swift */; };
		0E90F09A26E670EB00556820 /* OnboardingManager.swift in Sources */ = {isa = PBXBuildFile; fileRef = 0E90F09926E670EB00556820 /* OnboardingManager.swift */; };
		0EA8271B26CE7B6700A69C32 /* AuthorizationService.swift in Sources */ = {isa = PBXBuildFile; fileRef = 0EA8271A26CE7B6700A69C32 /* AuthorizationService.swift */; };
		0EC7545826CE6203008DA01A /* LoginViewController.swift in Sources */ = {isa = PBXBuildFile; fileRef = 0EC7545426CE6203008DA01A /* LoginViewController.swift */; };
		0EC7545926CE6203008DA01A /* AuthMethodsViewController.swift in Sources */ = {isa = PBXBuildFile; fileRef = 0EC7545526CE6203008DA01A /* AuthMethodsViewController.swift */; };
		0EC7545A26CE6203008DA01A /* CreatingUserInfoViewController.swift in Sources */ = {isa = PBXBuildFile; fileRef = 0EC7545626CE6203008DA01A /* CreatingUserInfoViewController.swift */; };
		0EC7545B26CE6203008DA01A /* SignUpViewController.swift in Sources */ = {isa = PBXBuildFile; fileRef = 0EC7545726CE6203008DA01A /* SignUpViewController.swift */; };
		0EC7545D26CE6238008DA01A /* Extensions.swift in Sources */ = {isa = PBXBuildFile; fileRef = 0EC7545C26CE6238008DA01A /* Extensions.swift */; };
		0EC7545F26CE624A008DA01A /* Utilities.swift in Sources */ = {isa = PBXBuildFile; fileRef = 0EC7545E26CE624A008DA01A /* Utilities.swift */; };
		0EE0184326B96AEA00AEB059 /* AppDelegate.swift in Sources */ = {isa = PBXBuildFile; fileRef = 0EE0184226B96AEA00AEB059 /* AppDelegate.swift */; };
		0EE0184526B96AEA00AEB059 /* SceneDelegate.swift in Sources */ = {isa = PBXBuildFile; fileRef = 0EE0184426B96AEA00AEB059 /* SceneDelegate.swift */; };
		0EE0184A26B96AEA00AEB059 /* Main.storyboard in Resources */ = {isa = PBXBuildFile; fileRef = 0EE0184826B96AEA00AEB059 /* Main.storyboard */; };
		0EE0184C26B96AEF00AEB059 /* Assets.xcassets in Resources */ = {isa = PBXBuildFile; fileRef = 0EE0184B26B96AEF00AEB059 /* Assets.xcassets */; };
		0EE0184F26B96AEF00AEB059 /* LaunchScreen.storyboard in Resources */ = {isa = PBXBuildFile; fileRef = 0EE0184D26B96AEF00AEB059 /* LaunchScreen.storyboard */; };
		112CA3E726D93D5C000F37B3 /* MatchViewController.swift in Sources */ = {isa = PBXBuildFile; fileRef = 112CA3E626D93D5C000F37B3 /* MatchViewController.swift */; };
		11647D0226CD0BAC002787FF /* Constants.swift in Sources */ = {isa = PBXBuildFile; fileRef = 11647D0126CD0BAC002787FF /* Constants.swift */; };
		117C435126E3CD8400222E20 /* SettingsViewController.swift in Sources */ = {isa = PBXBuildFile; fileRef = 117C435026E3CD8400222E20 /* SettingsViewController.swift */; };
		117C435526E3D4E900222E20 /* SettingView.swift in Sources */ = {isa = PBXBuildFile; fileRef = 117C435426E3D4E900222E20 /* SettingView.swift */; };
		117CEB0726C7E1F70018A753 /* CustomImageView.swift in Sources */ = {isa = PBXBuildFile; fileRef = 117CEB0626C7E1F70018A753 /* CustomImageView.swift */; };
		117CEB0926C825790018A753 /* ProfileCharacteristicView.swift in Sources */ = {isa = PBXBuildFile; fileRef = 117CEB0826C825790018A753 /* ProfileCharacteristicView.swift */; };
		117F9F0126E69EFB0014A4C9 /* SwipeButtonsView.swift in Sources */ = {isa = PBXBuildFile; fileRef = 117F9F0026E69EFB0014A4C9 /* SwipeButtonsView.swift */; };
		1180251F26C510550096A20F /* Icons.swift in Sources */ = {isa = PBXBuildFile; fileRef = 1180251E26C510550096A20F /* Icons.swift */; };
		1180252126C510840096A20F /* Router.swift in Sources */ = {isa = PBXBuildFile; fileRef = 1180252026C510840096A20F /* Router.swift */; };
		1180252326C5109C0096A20F /* Colors.swift in Sources */ = {isa = PBXBuildFile; fileRef = 1180252226C5109C0096A20F /* Colors.swift */; };
		1180252526C510BD0096A20F /* UserService.swift in Sources */ = {isa = PBXBuildFile; fileRef = 1180252426C510BD0096A20F /* UserService.swift */; };
		1180252926C5112D0096A20F /* User.swift in Sources */ = {isa = PBXBuildFile; fileRef = 1180252826C5112D0096A20F /* User.swift */; };
		1180252B26C511690096A20F /* SwipeCardModel.swift in Sources */ = {isa = PBXBuildFile; fileRef = 1180252A26C511690096A20F /* SwipeCardModel.swift */; };
		1180252E26C5119D0096A20F /* SwipeCardInfoView.swift in Sources */ = {isa = PBXBuildFile; fileRef = 1180252D26C5119D0096A20F /* SwipeCardInfoView.swift */; };
		1180253026C511BB0096A20F /* SwipeCardView.swift in Sources */ = {isa = PBXBuildFile; fileRef = 1180252F26C511BB0096A20F /* SwipeCardView.swift */; };
		1180253226C5125E0096A20F /* SwipeProfileContainerView.swift in Sources */ = {isa = PBXBuildFile; fileRef = 1180253126C5125E0096A20F /* SwipeProfileContainerView.swift */; };
		1180253526C512990096A20F /* EditСharacteristicView.swift in Sources */ = {isa = PBXBuildFile; fileRef = 1180253426C512990096A20F /* EditСharacteristicView.swift */; };
		1180253926C512FB0096A20F /* SwipeViewController.swift in Sources */ = {isa = PBXBuildFile; fileRef = 1180253826C512FB0096A20F /* SwipeViewController.swift */; };
		1180253B26C5131A0096A20F /* UserProfileViewController.swift in Sources */ = {isa = PBXBuildFile; fileRef = 1180253A26C5131A0096A20F /* UserProfileViewController.swift */; };
		1180253D26C513310096A20F /* EditUserProfileViewController.swift in Sources */ = {isa = PBXBuildFile; fileRef = 1180253C26C513310096A20F /* EditUserProfileViewController.swift */; };
		1180253F26C513670096A20F /* TabBarController.swift in Sources */ = {isa = PBXBuildFile; fileRef = 1180253E26C513670096A20F /* TabBarController.swift */; };
		11812D4426C6D5F6007399A2 /* EmptyShimmerView.swift in Sources */ = {isa = PBXBuildFile; fileRef = 11812D4326C6D5F6007399A2 /* EmptyShimmerView.swift */; };
		224DDCCF26D4BA8900D5A3AF /* MessageStruct.swift in Sources */ = {isa = PBXBuildFile; fileRef = 224DDCCE26D4BA8900D5A3AF /* MessageStruct.swift */; };
		224ECB9126DD50580064FAFA /* NotificationService.swift in Sources */ = {isa = PBXBuildFile; fileRef = 224ECB9026DD50580064FAFA /* NotificationService.swift */; };
		224F40C426CD149900A95715 /* MessageAndSenderModel.swift in Sources */ = {isa = PBXBuildFile; fileRef = 224F40C226CD149900A95715 /* MessageAndSenderModel.swift */; };
		224F40C526CD149900A95715 /* DialogFromFirebase.swift in Sources */ = {isa = PBXBuildFile; fileRef = 224F40C326CD149900A95715 /* DialogFromFirebase.swift */; };
		224F40C926CD14A100A95715 /* MessageViewController.swift in Sources */ = {isa = PBXBuildFile; fileRef = 224F40C726CD14A100A95715 /* MessageViewController.swift */; };
		224F40CA26CD14A100A95715 /* DialogViewController.swift in Sources */ = {isa = PBXBuildFile; fileRef = 224F40C826CD14A100A95715 /* DialogViewController.swift */; };
		224F40CE26CD14AC00A95715 /* CompanionModel.swift in Sources */ = {isa = PBXBuildFile; fileRef = 224F40CC26CD14AC00A95715 /* CompanionModel.swift */; };
		224F40CF26CD14AC00A95715 /* MatchesFromFirebase.swift in Sources */ = {isa = PBXBuildFile; fileRef = 224F40CD26CD14AC00A95715 /* MatchesFromFirebase.swift */; };
		224F40D426CD14B500A95715 /* MatchesTableViewController.swift in Sources */ = {isa = PBXBuildFile; fileRef = 224F40D126CD14B500A95715 /* MatchesTableViewController.swift */; };
		224F40D526CD14B500A95715 /* CollectionViewCell.swift in Sources */ = {isa = PBXBuildFile; fileRef = 224F40D226CD14B500A95715 /* CollectionViewCell.swift */; };
		224F40D626CD14B500A95715 /* TableViewCell.swift in Sources */ = {isa = PBXBuildFile; fileRef = 224F40D326CD14B500A95715 /* TableViewCell.swift */; };
		224F40DA26CD150B00A95715 /* ConversationService.swift in Sources */ = {isa = PBXBuildFile; fileRef = 224F40D926CD150B00A95715 /* ConversationService.swift */; };
		224FD0BA26BE938200D993B5 /* GoogleService-Info.plist in Resources */ = {isa = PBXBuildFile; fileRef = 224FD0B926BE938200D993B5 /* GoogleService-Info.plist */; };
		22EEC32B26D7D37100CF2771 /* MediaForMessage.swift in Sources */ = {isa = PBXBuildFile; fileRef = 22EEC32A26D7D37100CF2771 /* MediaForMessage.swift */; };
		22F7E5C826D11EA3009EE3B2 /* CameraInputBarAccessoryView.swift in Sources */ = {isa = PBXBuildFile; fileRef = 22F7E5C726D11EA3009EE3B2 /* CameraInputBarAccessoryView.swift */; };
		22F7E5CB26D11F13009EE3B2 /* AlertService.swift in Sources */ = {isa = PBXBuildFile; fileRef = 22F7E5CA26D11F13009EE3B2 /* AlertService.swift */; };
		462DEB6A15BDC2085F0B2760 /* Pods_ITinder.framework in Frameworks */ = {isa = PBXBuildFile; fileRef = 33BC96C815BA2AB57F596464 /* Pods_ITinder.framework */; };
/* End PBXBuildFile section */

/* Begin PBXFileReference section */
		0E4BA65A26E0E7E20080DE17 /* ForgotPasswordViewController.swift */ = {isa = PBXFileReference; lastKnownFileType = sourcecode.swift; path = ForgotPasswordViewController.swift; sourceTree = "<group>"; };
		0E50140A26DD77A3004526AA /* OnboardingPageViewController.swift */ = {isa = PBXFileReference; lastKnownFileType = sourcecode.swift; path = OnboardingPageViewController.swift; sourceTree = "<group>"; };
		0E50140C26DF8662004526AA /* PageOnboardingViewController.swift */ = {isa = PBXFileReference; lastKnownFileType = sourcecode.swift; path = PageOnboardingViewController.swift; sourceTree = "<group>"; };
		0E90F09926E670EB00556820 /* OnboardingManager.swift */ = {isa = PBXFileReference; lastKnownFileType = sourcecode.swift; path = OnboardingManager.swift; sourceTree = "<group>"; };
		0EA8271A26CE7B6700A69C32 /* AuthorizationService.swift */ = {isa = PBXFileReference; lastKnownFileType = sourcecode.swift; path = AuthorizationService.swift; sourceTree = "<group>"; };
		0EC7545426CE6203008DA01A /* LoginViewController.swift */ = {isa = PBXFileReference; fileEncoding = 4; lastKnownFileType = sourcecode.swift; path = LoginViewController.swift; sourceTree = "<group>"; };
		0EC7545526CE6203008DA01A /* AuthMethodsViewController.swift */ = {isa = PBXFileReference; fileEncoding = 4; lastKnownFileType = sourcecode.swift; path = AuthMethodsViewController.swift; sourceTree = "<group>"; };
		0EC7545626CE6203008DA01A /* CreatingUserInfoViewController.swift */ = {isa = PBXFileReference; fileEncoding = 4; lastKnownFileType = sourcecode.swift; path = CreatingUserInfoViewController.swift; sourceTree = "<group>"; };
		0EC7545726CE6203008DA01A /* SignUpViewController.swift */ = {isa = PBXFileReference; fileEncoding = 4; lastKnownFileType = sourcecode.swift; path = SignUpViewController.swift; sourceTree = "<group>"; };
		0EC7545C26CE6238008DA01A /* Extensions.swift */ = {isa = PBXFileReference; fileEncoding = 4; lastKnownFileType = sourcecode.swift; path = Extensions.swift; sourceTree = "<group>"; };
		0EC7545E26CE624A008DA01A /* Utilities.swift */ = {isa = PBXFileReference; fileEncoding = 4; lastKnownFileType = sourcecode.swift; path = Utilities.swift; sourceTree = "<group>"; };
		0EE0183F26B96AEA00AEB059 /* ITinder.app */ = {isa = PBXFileReference; explicitFileType = wrapper.application; includeInIndex = 0; path = ITinder.app; sourceTree = BUILT_PRODUCTS_DIR; };
		0EE0184226B96AEA00AEB059 /* AppDelegate.swift */ = {isa = PBXFileReference; lastKnownFileType = sourcecode.swift; path = AppDelegate.swift; sourceTree = "<group>"; };
		0EE0184426B96AEA00AEB059 /* SceneDelegate.swift */ = {isa = PBXFileReference; lastKnownFileType = sourcecode.swift; path = SceneDelegate.swift; sourceTree = "<group>"; };
		0EE0184926B96AEA00AEB059 /* Base */ = {isa = PBXFileReference; lastKnownFileType = file.storyboard; name = Base; path = Base.lproj/Main.storyboard; sourceTree = "<group>"; };
		0EE0184B26B96AEF00AEB059 /* Assets.xcassets */ = {isa = PBXFileReference; lastKnownFileType = folder.assetcatalog; path = Assets.xcassets; sourceTree = "<group>"; };
		0EE0184E26B96AEF00AEB059 /* Base */ = {isa = PBXFileReference; lastKnownFileType = file.storyboard; name = Base; path = Base.lproj/LaunchScreen.storyboard; sourceTree = "<group>"; };
		0EE0185026B96AEF00AEB059 /* Info.plist */ = {isa = PBXFileReference; lastKnownFileType = text.plist.xml; path = Info.plist; sourceTree = "<group>"; };
		112CA3E626D93D5C000F37B3 /* MatchViewController.swift */ = {isa = PBXFileReference; lastKnownFileType = sourcecode.swift; path = MatchViewController.swift; sourceTree = "<group>"; };
		11647D0126CD0BAC002787FF /* Constants.swift */ = {isa = PBXFileReference; lastKnownFileType = sourcecode.swift; path = Constants.swift; sourceTree = "<group>"; };
		117C435026E3CD8400222E20 /* SettingsViewController.swift */ = {isa = PBXFileReference; lastKnownFileType = sourcecode.swift; path = SettingsViewController.swift; sourceTree = "<group>"; };
		117C435426E3D4E900222E20 /* SettingView.swift */ = {isa = PBXFileReference; lastKnownFileType = sourcecode.swift; path = SettingView.swift; sourceTree = "<group>"; };
		117CEB0626C7E1F70018A753 /* CustomImageView.swift */ = {isa = PBXFileReference; lastKnownFileType = sourcecode.swift; path = CustomImageView.swift; sourceTree = "<group>"; };
		117CEB0826C825790018A753 /* ProfileCharacteristicView.swift */ = {isa = PBXFileReference; lastKnownFileType = sourcecode.swift; path = ProfileCharacteristicView.swift; sourceTree = "<group>"; };
		117F9F0026E69EFB0014A4C9 /* SwipeButtonsView.swift */ = {isa = PBXFileReference; lastKnownFileType = sourcecode.swift; path = SwipeButtonsView.swift; sourceTree = "<group>"; };
		1180251E26C510550096A20F /* Icons.swift */ = {isa = PBXFileReference; lastKnownFileType = sourcecode.swift; path = Icons.swift; sourceTree = "<group>"; };
		1180252026C510840096A20F /* Router.swift */ = {isa = PBXFileReference; lastKnownFileType = sourcecode.swift; path = Router.swift; sourceTree = "<group>"; };
		1180252226C5109C0096A20F /* Colors.swift */ = {isa = PBXFileReference; lastKnownFileType = sourcecode.swift; path = Colors.swift; sourceTree = "<group>"; };
		1180252426C510BD0096A20F /* UserService.swift */ = {isa = PBXFileReference; lastKnownFileType = sourcecode.swift; path = UserService.swift; sourceTree = "<group>"; };
		1180252826C5112D0096A20F /* User.swift */ = {isa = PBXFileReference; lastKnownFileType = sourcecode.swift; path = User.swift; sourceTree = "<group>"; };
		1180252A26C511690096A20F /* SwipeCardModel.swift */ = {isa = PBXFileReference; lastKnownFileType = sourcecode.swift; path = SwipeCardModel.swift; sourceTree = "<group>"; };
		1180252D26C5119D0096A20F /* SwipeCardInfoView.swift */ = {isa = PBXFileReference; lastKnownFileType = sourcecode.swift; path = SwipeCardInfoView.swift; sourceTree = "<group>"; };
		1180252F26C511BB0096A20F /* SwipeCardView.swift */ = {isa = PBXFileReference; lastKnownFileType = sourcecode.swift; path = SwipeCardView.swift; sourceTree = "<group>"; };
		1180253126C5125E0096A20F /* SwipeProfileContainerView.swift */ = {isa = PBXFileReference; lastKnownFileType = sourcecode.swift; path = SwipeProfileContainerView.swift; sourceTree = "<group>"; };
		1180253426C512990096A20F /* EditСharacteristicView.swift */ = {isa = PBXFileReference; lastKnownFileType = sourcecode.swift; path = "EditСharacteristicView.swift"; sourceTree = "<group>"; };
		1180253826C512FB0096A20F /* SwipeViewController.swift */ = {isa = PBXFileReference; lastKnownFileType = sourcecode.swift; path = SwipeViewController.swift; sourceTree = "<group>"; };
		1180253A26C5131A0096A20F /* UserProfileViewController.swift */ = {isa = PBXFileReference; lastKnownFileType = sourcecode.swift; path = UserProfileViewController.swift; sourceTree = "<group>"; };
		1180253C26C513310096A20F /* EditUserProfileViewController.swift */ = {isa = PBXFileReference; lastKnownFileType = sourcecode.swift; path = EditUserProfileViewController.swift; sourceTree = "<group>"; };
		1180253E26C513670096A20F /* TabBarController.swift */ = {isa = PBXFileReference; lastKnownFileType = sourcecode.swift; path = TabBarController.swift; sourceTree = "<group>"; };
		11812D4326C6D5F6007399A2 /* EmptyShimmerView.swift */ = {isa = PBXFileReference; lastKnownFileType = sourcecode.swift; path = EmptyShimmerView.swift; sourceTree = "<group>"; };
		224DDCCE26D4BA8900D5A3AF /* MessageStruct.swift */ = {isa = PBXFileReference; lastKnownFileType = sourcecode.swift; path = MessageStruct.swift; sourceTree = "<group>"; };
		224ECB9026DD50580064FAFA /* NotificationService.swift */ = {isa = PBXFileReference; lastKnownFileType = sourcecode.swift; path = NotificationService.swift; sourceTree = "<group>"; };
		224F40C226CD149900A95715 /* MessageAndSenderModel.swift */ = {isa = PBXFileReference; fileEncoding = 4; lastKnownFileType = sourcecode.swift; path = MessageAndSenderModel.swift; sourceTree = "<group>"; };
		224F40C326CD149900A95715 /* DialogFromFirebase.swift */ = {isa = PBXFileReference; fileEncoding = 4; lastKnownFileType = sourcecode.swift; path = DialogFromFirebase.swift; sourceTree = "<group>"; };
		224F40C726CD14A100A95715 /* MessageViewController.swift */ = {isa = PBXFileReference; fileEncoding = 4; lastKnownFileType = sourcecode.swift; path = MessageViewController.swift; sourceTree = "<group>"; };
		224F40C826CD14A100A95715 /* DialogViewController.swift */ = {isa = PBXFileReference; fileEncoding = 4; lastKnownFileType = sourcecode.swift; path = DialogViewController.swift; sourceTree = "<group>"; };
		224F40CC26CD14AC00A95715 /* CompanionModel.swift */ = {isa = PBXFileReference; fileEncoding = 4; lastKnownFileType = sourcecode.swift; path = CompanionModel.swift; sourceTree = "<group>"; };
		224F40CD26CD14AC00A95715 /* MatchesFromFirebase.swift */ = {isa = PBXFileReference; fileEncoding = 4; lastKnownFileType = sourcecode.swift; path = MatchesFromFirebase.swift; sourceTree = "<group>"; };
		224F40D126CD14B500A95715 /* MatchesTableViewController.swift */ = {isa = PBXFileReference; fileEncoding = 4; lastKnownFileType = sourcecode.swift; path = MatchesTableViewController.swift; sourceTree = "<group>"; };
		224F40D226CD14B500A95715 /* CollectionViewCell.swift */ = {isa = PBXFileReference; fileEncoding = 4; lastKnownFileType = sourcecode.swift; path = CollectionViewCell.swift; sourceTree = "<group>"; };
		224F40D326CD14B500A95715 /* TableViewCell.swift */ = {isa = PBXFileReference; fileEncoding = 4; lastKnownFileType = sourcecode.swift; path = TableViewCell.swift; sourceTree = "<group>"; };
		224F40D926CD150B00A95715 /* ConversationService.swift */ = {isa = PBXFileReference; fileEncoding = 4; lastKnownFileType = sourcecode.swift; path = ConversationService.swift; sourceTree = "<group>"; };
		224FD0B926BE938200D993B5 /* GoogleService-Info.plist */ = {isa = PBXFileReference; fileEncoding = 4; lastKnownFileType = text.plist.xml; path = "GoogleService-Info.plist"; sourceTree = "<group>"; };
		22EEC32A26D7D37100CF2771 /* MediaForMessage.swift */ = {isa = PBXFileReference; lastKnownFileType = sourcecode.swift; path = MediaForMessage.swift; sourceTree = "<group>"; };
		22F7E5C726D11EA3009EE3B2 /* CameraInputBarAccessoryView.swift */ = {isa = PBXFileReference; fileEncoding = 4; lastKnownFileType = sourcecode.swift; path = CameraInputBarAccessoryView.swift; sourceTree = "<group>"; };
		22F7E5CA26D11F13009EE3B2 /* AlertService.swift */ = {isa = PBXFileReference; fileEncoding = 4; lastKnownFileType = sourcecode.swift; path = AlertService.swift; sourceTree = "<group>"; };
		33BC96C815BA2AB57F596464 /* Pods_ITinder.framework */ = {isa = PBXFileReference; explicitFileType = wrapper.framework; includeInIndex = 0; path = Pods_ITinder.framework; sourceTree = BUILT_PRODUCTS_DIR; };
		3D8F4B84C0B4B44156F5CEA3 /* Pods-ITinder.release.xcconfig */ = {isa = PBXFileReference; includeInIndex = 1; lastKnownFileType = text.xcconfig; name = "Pods-ITinder.release.xcconfig"; path = "Target Support Files/Pods-ITinder/Pods-ITinder.release.xcconfig"; sourceTree = "<group>"; };
		537CDCD2BCF0A83A07B19A55 /* Pods-ITinder.debug.xcconfig */ = {isa = PBXFileReference; includeInIndex = 1; lastKnownFileType = text.xcconfig; name = "Pods-ITinder.debug.xcconfig"; path = "Target Support Files/Pods-ITinder/Pods-ITinder.debug.xcconfig"; sourceTree = "<group>"; };
/* End PBXFileReference section */

/* Begin PBXFrameworksBuildPhase section */
		0EE0183C26B96AEA00AEB059 /* Frameworks */ = {
			isa = PBXFrameworksBuildPhase;
			buildActionMask = 2147483647;
			files = (
				462DEB6A15BDC2085F0B2760 /* Pods_ITinder.framework in Frameworks */,
			);
			runOnlyForDeploymentPostprocessing = 0;
		};
/* End PBXFrameworksBuildPhase section */

/* Begin PBXGroup section */
		0E7E2A5E26BAAFA30012E987 /* Supporting Files */ = {
			isa = PBXGroup;
			children = (
				1180253E26C513670096A20F /* TabBarController.swift */,
				0EE0184426B96AEA00AEB059 /* SceneDelegate.swift */,
				0EE0184226B96AEA00AEB059 /* AppDelegate.swift */,
			);
			path = "Supporting Files";
			sourceTree = "<group>";
		};
		0E7E2A5F26BAAFDA0012E987 /* Storyboard */ = {
			isa = PBXGroup;
			children = (
				0EE0184D26B96AEF00AEB059 /* LaunchScreen.storyboard */,
				0EE0184826B96AEA00AEB059 /* Main.storyboard */,
			);
			path = Storyboard;
			sourceTree = "<group>";
		};
		0E7E2A6026BAB0170012E987 /* Onboarding */ = {
			isa = PBXGroup;
			children = (
				0E50140A26DD77A3004526AA /* OnboardingPageViewController.swift */,
				0E50140C26DF8662004526AA /* PageOnboardingViewController.swift */,
				0E90F09926E670EB00556820 /* OnboardingManager.swift */,
			);
			path = Onboarding;
			sourceTree = "<group>";
		};
		0E7E2A6726BAC2B40012E987 /* Authorization */ = {
			isa = PBXGroup;
			children = (
				0EC7545526CE6203008DA01A /* AuthMethodsViewController.swift */,
				0EC7545626CE6203008DA01A /* CreatingUserInfoViewController.swift */,
				0EC7545426CE6203008DA01A /* LoginViewController.swift */,
				0EC7545726CE6203008DA01A /* SignUpViewController.swift */,
				0E4BA65A26E0E7E20080DE17 /* ForgotPasswordViewController.swift */,
			);
			path = Authorization;
			sourceTree = "<group>";
		};
		0E7E2A6926BAC2F60012E987 /* Profile */ = {
			isa = PBXGroup;
			children = (
				1180252726C511070096A20F /* Models */,
				1180253326C5128C0096A20F /* Views */,
				1180253726C512DC0096A20F /* ViewControllers */,
			);
			path = Profile;
			sourceTree = "<group>";
		};
		0E7E2A6A26BAC3020012E987 /* Swipe */ = {
			isa = PBXGroup;
			children = (
				1180252626C510EA0096A20F /* Models */,
				1180252C26C5118E0096A20F /* Views */,
				1180253626C512CC0096A20F /* ViewControllers */,
			);
			path = Swipe;
			sourceTree = "<group>";
		};
		0EE0183626B96AEA00AEB059 = {
			isa = PBXGroup;
			children = (
				0EE0184126B96AEA00AEB059 /* ITinder */,
				0EE0184026B96AEA00AEB059 /* Products */,
				22AE25192213948A06A1F7FD /* Pods */,
				303A686C142FE1C1848918CF /* Frameworks */,
			);
			sourceTree = "<group>";
		};
		0EE0184026B96AEA00AEB059 /* Products */ = {
			isa = PBXGroup;
			children = (
				0EE0183F26B96AEA00AEB059 /* ITinder.app */,
			);
			name = Products;
			sourceTree = "<group>";
		};
		0EE0184126B96AEA00AEB059 /* ITinder */ = {
			isa = PBXGroup;
			children = (
				224F40D826CD14EC00A95715 /* Services */,
				224F40BB26CD140A00A95715 /* Dialog */,
				1180251D26C510300096A20F /* Utils */,
				0E7E2A6A26BAC3020012E987 /* Swipe */,
				0E7E2A6926BAC2F60012E987 /* Profile */,
				117C434F26E3CD5100222E20 /* Settings */,
				0E7E2A6726BAC2B40012E987 /* Authorization */,
				0E7E2A6026BAB0170012E987 /* Onboarding */,
				0E7E2A5F26BAAFDA0012E987 /* Storyboard */,
				0E7E2A5E26BAAFA30012E987 /* Supporting Files */,
				0EE0185026B96AEF00AEB059 /* Info.plist */,
				224FD0B926BE938200D993B5 /* GoogleService-Info.plist */,
				0EE0184B26B96AEF00AEB059 /* Assets.xcassets */,
			);
			path = ITinder;
			sourceTree = "<group>";
		};
		117C434F26E3CD5100222E20 /* Settings */ = {
			isa = PBXGroup;
			children = (
				117C435326E3D4CF00222E20 /* Views */,
				117C435226E3D4BB00222E20 /* ViewControllers */,
			);
			path = Settings;
			sourceTree = "<group>";
		};
		117C435226E3D4BB00222E20 /* ViewControllers */ = {
			isa = PBXGroup;
			children = (
				117C435026E3CD8400222E20 /* SettingsViewController.swift */,
			);
			path = ViewControllers;
			sourceTree = "<group>";
		};
		117C435326E3D4CF00222E20 /* Views */ = {
			isa = PBXGroup;
			children = (
				117C435426E3D4E900222E20 /* SettingView.swift */,
			);
			path = Views;
			sourceTree = "<group>";
		};
		1180251D26C510300096A20F /* Utils */ = {
			isa = PBXGroup;
			children = (
				0EC7545E26CE624A008DA01A /* Utilities.swift */,
				0EC7545C26CE6238008DA01A /* Extensions.swift */,
				1180251E26C510550096A20F /* Icons.swift */,
				1180252026C510840096A20F /* Router.swift */,
				1180252226C5109C0096A20F /* Colors.swift */,
				11647D0126CD0BAC002787FF /* Constants.swift */,
			);
			path = Utils;
			sourceTree = "<group>";
		};
		1180252626C510EA0096A20F /* Models */ = {
			isa = PBXGroup;
			children = (
				1180252A26C511690096A20F /* SwipeCardModel.swift */,
			);
			path = Models;
			sourceTree = "<group>";
		};
		1180252726C511070096A20F /* Models */ = {
			isa = PBXGroup;
			children = (
				1180252826C5112D0096A20F /* User.swift */,
			);
			path = Models;
			sourceTree = "<group>";
		};
		1180252C26C5118E0096A20F /* Views */ = {
			isa = PBXGroup;
			children = (
				1180252D26C5119D0096A20F /* SwipeCardInfoView.swift */,
				1180252F26C511BB0096A20F /* SwipeCardView.swift */,
				1180253126C5125E0096A20F /* SwipeProfileContainerView.swift */,
				11812D4326C6D5F6007399A2 /* EmptyShimmerView.swift */,
				117F9F0026E69EFB0014A4C9 /* SwipeButtonsView.swift */,
			);
			path = Views;
			sourceTree = "<group>";
		};
		1180253326C5128C0096A20F /* Views */ = {
			isa = PBXGroup;
			children = (
				1180253426C512990096A20F /* EditСharacteristicView.swift */,
				117CEB0626C7E1F70018A753 /* CustomImageView.swift */,
				117CEB0826C825790018A753 /* ProfileCharacteristicView.swift */,
			);
			path = Views;
			sourceTree = "<group>";
		};
		1180253626C512CC0096A20F /* ViewControllers */ = {
			isa = PBXGroup;
			children = (
				1180253826C512FB0096A20F /* SwipeViewController.swift */,
				112CA3E626D93D5C000F37B3 /* MatchViewController.swift */,
			);
			path = ViewControllers;
			sourceTree = "<group>";
		};
		1180253726C512DC0096A20F /* ViewControllers */ = {
			isa = PBXGroup;
			children = (
				1180253A26C5131A0096A20F /* UserProfileViewController.swift */,
				1180253C26C513310096A20F /* EditUserProfileViewController.swift */,
			);
			path = ViewControllers;
			sourceTree = "<group>";
		};
		224F40BB26CD140A00A95715 /* Dialog */ = {
			isa = PBXGroup;
			children = (
				224F40BD26CD142D00A95715 /* Matches */,
				224F40BC26CD142100A95715 /* Dialog */,
			);
			path = Dialog;
			sourceTree = "<group>";
		};
		224F40BC26CD142100A95715 /* Dialog */ = {
			isa = PBXGroup;
			children = (
				22AE212F26D4EB2E006153AD /* ModuleFromMessagekit */,
				224F40BE26CD143A00A95715 /* Model */,
				224F40BF26CD144100A95715 /* View */,
			);
			path = Dialog;
			sourceTree = "<group>";
		};
		224F40BD26CD142D00A95715 /* Matches */ = {
			isa = PBXGroup;
			children = (
				224F40C126CD146300A95715 /* Model */,
				224F40C026CD145C00A95715 /* View */,
			);
			path = Matches;
			sourceTree = "<group>";
		};
		224F40BE26CD143A00A95715 /* Model */ = {
			isa = PBXGroup;
			children = (
				224F40C326CD149900A95715 /* DialogFromFirebase.swift */,
				224F40C226CD149900A95715 /* MessageAndSenderModel.swift */,
				22EEC32A26D7D37100CF2771 /* MediaForMessage.swift */,
				224DDCCE26D4BA8900D5A3AF /* MessageStruct.swift */,
			);
			path = Model;
			sourceTree = "<group>";
		};
		224F40BF26CD144100A95715 /* View */ = {
			isa = PBXGroup;
			children = (
				224F40C826CD14A100A95715 /* DialogViewController.swift */,
				224F40C726CD14A100A95715 /* MessageViewController.swift */,
			);
			path = View;
			sourceTree = "<group>";
		};
		224F40C026CD145C00A95715 /* View */ = {
			isa = PBXGroup;
			children = (
				224F40D126CD14B500A95715 /* MatchesTableViewController.swift */,
				224F40D226CD14B500A95715 /* CollectionViewCell.swift */,
				224F40D326CD14B500A95715 /* TableViewCell.swift */,
			);
			path = View;
			sourceTree = "<group>";
		};
		224F40C126CD146300A95715 /* Model */ = {
			isa = PBXGroup;
			children = (
				224F40CC26CD14AC00A95715 /* CompanionModel.swift */,
				224F40CD26CD14AC00A95715 /* MatchesFromFirebase.swift */,
			);
			path = Model;
			sourceTree = "<group>";
		};
		224F40D826CD14EC00A95715 /* Services */ = {
			isa = PBXGroup;
			children = (
				224F40D926CD150B00A95715 /* ConversationService.swift */,
				0EA8271A26CE7B6700A69C32 /* AuthorizationService.swift */,
				1180252426C510BD0096A20F /* UserService.swift */,
				22F7E5CA26D11F13009EE3B2 /* AlertService.swift */,
				224ECB9026DD50580064FAFA /* NotificationService.swift */,
			);
			path = Services;
			sourceTree = "<group>";
		};
		22AE212F26D4EB2E006153AD /* ModuleFromMessagekit */ = {
			isa = PBXGroup;
			children = (
				22F7E5C726D11EA3009EE3B2 /* CameraInputBarAccessoryView.swift */,
			);
			path = ModuleFromMessagekit;
			sourceTree = "<group>";
		};
		22AE25192213948A06A1F7FD /* Pods */ = {
			isa = PBXGroup;
			children = (
				537CDCD2BCF0A83A07B19A55 /* Pods-ITinder.debug.xcconfig */,
				3D8F4B84C0B4B44156F5CEA3 /* Pods-ITinder.release.xcconfig */,
			);
			path = Pods;
			sourceTree = "<group>";
		};
		303A686C142FE1C1848918CF /* Frameworks */ = {
			isa = PBXGroup;
			children = (
				33BC96C815BA2AB57F596464 /* Pods_ITinder.framework */,
			);
			name = Frameworks;
			sourceTree = "<group>";
		};
/* End PBXGroup section */

/* Begin PBXNativeTarget section */
		0EE0183E26B96AEA00AEB059 /* ITinder */ = {
			isa = PBXNativeTarget;
			buildConfigurationList = 0EE0185326B96AEF00AEB059 /* Build configuration list for PBXNativeTarget "ITinder" */;
			buildPhases = (
				4488CA0C128B4F89ECE2BC34 /* [CP] Check Pods Manifest.lock */,
				2263769726BFE59F00836AA5 /* Swift lint */,
				0EE0183B26B96AEA00AEB059 /* Sources */,
				0EE0183C26B96AEA00AEB059 /* Frameworks */,
				0EE0183D26B96AEA00AEB059 /* Resources */,
				DC85788055D8F210F308EA3E /* [CP] Embed Pods Frameworks */,
			);
			buildRules = (
			);
			dependencies = (
			);
			name = ITinder;
			productName = ITinder;
			productReference = 0EE0183F26B96AEA00AEB059 /* ITinder.app */;
			productType = "com.apple.product-type.application";
		};
/* End PBXNativeTarget section */

/* Begin PBXProject section */
		0EE0183726B96AEA00AEB059 /* Project object */ = {
			isa = PBXProject;
			attributes = {
				LastSwiftUpdateCheck = 1250;
				LastUpgradeCheck = 1250;
				TargetAttributes = {
					0EE0183E26B96AEA00AEB059 = {
						CreatedOnToolsVersion = 12.5.1;
					};
				};
			};
			buildConfigurationList = 0EE0183A26B96AEA00AEB059 /* Build configuration list for PBXProject "ITinder" */;
			compatibilityVersion = "Xcode 9.3";
			developmentRegion = en;
			hasScannedForEncodings = 0;
			knownRegions = (
				en,
				Base,
			);
			mainGroup = 0EE0183626B96AEA00AEB059;
			productRefGroup = 0EE0184026B96AEA00AEB059 /* Products */;
			projectDirPath = "";
			projectRoot = "";
			targets = (
				0EE0183E26B96AEA00AEB059 /* ITinder */,
			);
		};
/* End PBXProject section */

/* Begin PBXResourcesBuildPhase section */
		0EE0183D26B96AEA00AEB059 /* Resources */ = {
			isa = PBXResourcesBuildPhase;
			buildActionMask = 2147483647;
			files = (
				0EE0184F26B96AEF00AEB059 /* LaunchScreen.storyboard in Resources */,
				224FD0BA26BE938200D993B5 /* GoogleService-Info.plist in Resources */,
				0EE0184C26B96AEF00AEB059 /* Assets.xcassets in Resources */,
				0EE0184A26B96AEA00AEB059 /* Main.storyboard in Resources */,
			);
			runOnlyForDeploymentPostprocessing = 0;
		};
/* End PBXResourcesBuildPhase section */

/* Begin PBXShellScriptBuildPhase section */
		2263769726BFE59F00836AA5 /* Swift lint */ = {
			isa = PBXShellScriptBuildPhase;
			buildActionMask = 2147483647;
			files = (
			);
			inputFileListPaths = (
			);
			inputPaths = (
			);
			name = "Swift lint";
			outputFileListPaths = (
			);
			outputPaths = (
			);
			runOnlyForDeploymentPostprocessing = 0;
			shellPath = /bin/sh;
			shellScript = "${PODS_ROOT}/SwiftLint/swiftlint\n";
		};
		4488CA0C128B4F89ECE2BC34 /* [CP] Check Pods Manifest.lock */ = {
			isa = PBXShellScriptBuildPhase;
			buildActionMask = 2147483647;
			files = (
			);
			inputFileListPaths = (
			);
			inputPaths = (
				"${PODS_PODFILE_DIR_PATH}/Podfile.lock",
				"${PODS_ROOT}/Manifest.lock",
			);
			name = "[CP] Check Pods Manifest.lock";
			outputFileListPaths = (
			);
			outputPaths = (
				"$(DERIVED_FILE_DIR)/Pods-ITinder-checkManifestLockResult.txt",
			);
			runOnlyForDeploymentPostprocessing = 0;
			shellPath = /bin/sh;
			shellScript = "diff \"${PODS_PODFILE_DIR_PATH}/Podfile.lock\" \"${PODS_ROOT}/Manifest.lock\" > /dev/null\nif [ $? != 0 ] ; then\n    # print error to STDERR\n    echo \"error: The sandbox is not in sync with the Podfile.lock. Run 'pod install' or update your CocoaPods installation.\" >&2\n    exit 1\nfi\n# This output is used by Xcode 'outputs' to avoid re-running this script phase.\necho \"SUCCESS\" > \"${SCRIPT_OUTPUT_FILE_0}\"\n";
			showEnvVarsInLog = 0;
		};
		DC85788055D8F210F308EA3E /* [CP] Embed Pods Frameworks */ = {
			isa = PBXShellScriptBuildPhase;
			buildActionMask = 2147483647;
			files = (
			);
			inputFileListPaths = (
				"${PODS_ROOT}/Target Support Files/Pods-ITinder/Pods-ITinder-frameworks-${CONFIGURATION}-input-files.xcfilelist",
			);
			name = "[CP] Embed Pods Frameworks";
			outputFileListPaths = (
				"${PODS_ROOT}/Target Support Files/Pods-ITinder/Pods-ITinder-frameworks-${CONFIGURATION}-output-files.xcfilelist",
			);
			runOnlyForDeploymentPostprocessing = 0;
			shellPath = /bin/sh;
			shellScript = "\"${PODS_ROOT}/Target Support Files/Pods-ITinder/Pods-ITinder-frameworks.sh\"\n";
			showEnvVarsInLog = 0;
		};
/* End PBXShellScriptBuildPhase section */

/* Begin PBXSourcesBuildPhase section */
		0EE0183B26B96AEA00AEB059 /* Sources */ = {
			isa = PBXSourcesBuildPhase;
			buildActionMask = 2147483647;
			files = (
				0EC7545B26CE6203008DA01A /* SignUpViewController.swift in Sources */,
				22F7E5CB26D11F13009EE3B2 /* AlertService.swift in Sources */,
				11647D0226CD0BAC002787FF /* Constants.swift in Sources */,
				0E90F09A26E670EB00556820 /* OnboardingManager.swift in Sources */,
				224F40C426CD149900A95715 /* MessageAndSenderModel.swift in Sources */,
				1180253226C5125E0096A20F /* SwipeProfileContainerView.swift in Sources */,
				117CEB0726C7E1F70018A753 /* CustomImageView.swift in Sources */,
				1180253B26C5131A0096A20F /* UserProfileViewController.swift in Sources */,
				1180252326C5109C0096A20F /* Colors.swift in Sources */,
				117C435126E3CD8400222E20 /* SettingsViewController.swift in Sources */,
				224F40D626CD14B500A95715 /* TableViewCell.swift in Sources */,
				0E50140B26DD77A3004526AA /* OnboardingPageViewController.swift in Sources */,
				1180252126C510840096A20F /* Router.swift in Sources */,
				0EE0184326B96AEA00AEB059 /* AppDelegate.swift in Sources */,
				1180253526C512990096A20F /* EditСharacteristicView.swift in Sources */,
				224ECB9126DD50580064FAFA /* NotificationService.swift in Sources */,
				224F40D426CD14B500A95715 /* MatchesTableViewController.swift in Sources */,
				1180251F26C510550096A20F /* Icons.swift in Sources */,
				1180252526C510BD0096A20F /* UserService.swift in Sources */,
				22F7E5C826D11EA3009EE3B2 /* CameraInputBarAccessoryView.swift in Sources */,
				1180252926C5112D0096A20F /* User.swift in Sources */,
				224F40C526CD149900A95715 /* DialogFromFirebase.swift in Sources */,
				224F40DA26CD150B00A95715 /* ConversationService.swift in Sources */,
				1180253926C512FB0096A20F /* SwipeViewController.swift in Sources */,
				224F40CA26CD14A100A95715 /* DialogViewController.swift in Sources */,
				224F40CF26CD14AC00A95715 /* MatchesFromFirebase.swift in Sources */,
				0E50140D26DF8662004526AA /* PageOnboardingViewController.swift in Sources */,
				0EC7545826CE6203008DA01A /* LoginViewController.swift in Sources */,
				1180252E26C5119D0096A20F /* SwipeCardInfoView.swift in Sources */,
				0E4BA65B26E0E7E20080DE17 /* ForgotPasswordViewController.swift in Sources */,
				0EE0184526B96AEA00AEB059 /* SceneDelegate.swift in Sources */,
				117C435526E3D4E900222E20 /* SettingView.swift in Sources */,
				117F9F0126E69EFB0014A4C9 /* SwipeButtonsView.swift in Sources */,
				1180253D26C513310096A20F /* EditUserProfileViewController.swift in Sources */,
				0EC7545F26CE624A008DA01A /* Utilities.swift in Sources */,
				0EC7545A26CE6203008DA01A /* CreatingUserInfoViewController.swift in Sources */,
				22EEC32B26D7D37100CF2771 /* MediaForMessage.swift in Sources */,
				1180252B26C511690096A20F /* SwipeCardModel.swift in Sources */,
				112CA3E726D93D5C000F37B3 /* MatchViewController.swift in Sources */,
				224F40D526CD14B500A95715 /* CollectionViewCell.swift in Sources */,
				0EA8271B26CE7B6700A69C32 /* AuthorizationService.swift in Sources */,
				1180253F26C513670096A20F /* TabBarController.swift in Sources */,
				224F40C926CD14A100A95715 /* MessageViewController.swift in Sources */,
				224F40CE26CD14AC00A95715 /* CompanionModel.swift in Sources */,
				11812D4426C6D5F6007399A2 /* EmptyShimmerView.swift in Sources */,
				1180253026C511BB0096A20F /* SwipeCardView.swift in Sources */,
				0EC7545D26CE6238008DA01A /* Extensions.swift in Sources */,
				224DDCCF26D4BA8900D5A3AF /* MessageStruct.swift in Sources */,
				0EC7545926CE6203008DA01A /* AuthMethodsViewController.swift in Sources */,
				117CEB0926C825790018A753 /* ProfileCharacteristicView.swift in Sources */,
			);
			runOnlyForDeploymentPostprocessing = 0;
		};
/* End PBXSourcesBuildPhase section */

/* Begin PBXVariantGroup section */
		0EE0184826B96AEA00AEB059 /* Main.storyboard */ = {
			isa = PBXVariantGroup;
			children = (
				0EE0184926B96AEA00AEB059 /* Base */,
			);
			name = Main.storyboard;
			sourceTree = "<group>";
		};
		0EE0184D26B96AEF00AEB059 /* LaunchScreen.storyboard */ = {
			isa = PBXVariantGroup;
			children = (
				0EE0184E26B96AEF00AEB059 /* Base */,
			);
			name = LaunchScreen.storyboard;
			sourceTree = "<group>";
		};
/* End PBXVariantGroup section */

/* Begin XCBuildConfiguration section */
		0EE0185126B96AEF00AEB059 /* Debug */ = {
			isa = XCBuildConfiguration;
			buildSettings = {
				ALWAYS_SEARCH_USER_PATHS = NO;
				CLANG_ANALYZER_NONNULL = YES;
				CLANG_ANALYZER_NUMBER_OBJECT_CONVERSION = YES_AGGRESSIVE;
				CLANG_CXX_LANGUAGE_STANDARD = "gnu++14";
				CLANG_CXX_LIBRARY = "libc++";
				CLANG_ENABLE_MODULES = YES;
				CLANG_ENABLE_OBJC_ARC = YES;
				CLANG_ENABLE_OBJC_WEAK = YES;
				CLANG_WARN_BLOCK_CAPTURE_AUTORELEASING = YES;
				CLANG_WARN_BOOL_CONVERSION = YES;
				CLANG_WARN_COMMA = YES;
				CLANG_WARN_CONSTANT_CONVERSION = YES;
				CLANG_WARN_DEPRECATED_OBJC_IMPLEMENTATIONS = YES;
				CLANG_WARN_DIRECT_OBJC_ISA_USAGE = YES_ERROR;
				CLANG_WARN_DOCUMENTATION_COMMENTS = YES;
				CLANG_WARN_EMPTY_BODY = YES;
				CLANG_WARN_ENUM_CONVERSION = YES;
				CLANG_WARN_INFINITE_RECURSION = YES;
				CLANG_WARN_INT_CONVERSION = YES;
				CLANG_WARN_NON_LITERAL_NULL_CONVERSION = YES;
				CLANG_WARN_OBJC_IMPLICIT_RETAIN_SELF = YES;
				CLANG_WARN_OBJC_LITERAL_CONVERSION = YES;
				CLANG_WARN_OBJC_ROOT_CLASS = YES_ERROR;
				CLANG_WARN_QUOTED_INCLUDE_IN_FRAMEWORK_HEADER = YES;
				CLANG_WARN_RANGE_LOOP_ANALYSIS = YES;
				CLANG_WARN_STRICT_PROTOTYPES = YES;
				CLANG_WARN_SUSPICIOUS_MOVE = YES;
				CLANG_WARN_UNGUARDED_AVAILABILITY = YES_AGGRESSIVE;
				CLANG_WARN_UNREACHABLE_CODE = YES;
				CLANG_WARN__DUPLICATE_METHOD_MATCH = YES;
				COPY_PHASE_STRIP = NO;
				DEBUG_INFORMATION_FORMAT = dwarf;
				ENABLE_STRICT_OBJC_MSGSEND = YES;
				ENABLE_TESTABILITY = YES;
				GCC_C_LANGUAGE_STANDARD = gnu11;
				GCC_DYNAMIC_NO_PIC = NO;
				GCC_NO_COMMON_BLOCKS = YES;
				GCC_OPTIMIZATION_LEVEL = 0;
				GCC_PREPROCESSOR_DEFINITIONS = (
					"DEBUG=1",
					"$(inherited)",
				);
				GCC_WARN_64_TO_32_BIT_CONVERSION = YES;
				GCC_WARN_ABOUT_RETURN_TYPE = YES_ERROR;
				GCC_WARN_UNDECLARED_SELECTOR = YES;
				GCC_WARN_UNINITIALIZED_AUTOS = YES_AGGRESSIVE;
				GCC_WARN_UNUSED_FUNCTION = YES;
				GCC_WARN_UNUSED_VARIABLE = YES;
				IPHONEOS_DEPLOYMENT_TARGET = 14.4;
				MTL_ENABLE_DEBUG_INFO = INCLUDE_SOURCE;
				MTL_FAST_MATH = YES;
				ONLY_ACTIVE_ARCH = YES;
				SDKROOT = iphoneos;
				SWIFT_ACTIVE_COMPILATION_CONDITIONS = DEBUG;
				SWIFT_OPTIMIZATION_LEVEL = "-Onone";
			};
			name = Debug;
		};
		0EE0185226B96AEF00AEB059 /* Release */ = {
			isa = XCBuildConfiguration;
			buildSettings = {
				ALWAYS_SEARCH_USER_PATHS = NO;
				CLANG_ANALYZER_NONNULL = YES;
				CLANG_ANALYZER_NUMBER_OBJECT_CONVERSION = YES_AGGRESSIVE;
				CLANG_CXX_LANGUAGE_STANDARD = "gnu++14";
				CLANG_CXX_LIBRARY = "libc++";
				CLANG_ENABLE_MODULES = YES;
				CLANG_ENABLE_OBJC_ARC = YES;
				CLANG_ENABLE_OBJC_WEAK = YES;
				CLANG_WARN_BLOCK_CAPTURE_AUTORELEASING = YES;
				CLANG_WARN_BOOL_CONVERSION = YES;
				CLANG_WARN_COMMA = YES;
				CLANG_WARN_CONSTANT_CONVERSION = YES;
				CLANG_WARN_DEPRECATED_OBJC_IMPLEMENTATIONS = YES;
				CLANG_WARN_DIRECT_OBJC_ISA_USAGE = YES_ERROR;
				CLANG_WARN_DOCUMENTATION_COMMENTS = YES;
				CLANG_WARN_EMPTY_BODY = YES;
				CLANG_WARN_ENUM_CONVERSION = YES;
				CLANG_WARN_INFINITE_RECURSION = YES;
				CLANG_WARN_INT_CONVERSION = YES;
				CLANG_WARN_NON_LITERAL_NULL_CONVERSION = YES;
				CLANG_WARN_OBJC_IMPLICIT_RETAIN_SELF = YES;
				CLANG_WARN_OBJC_LITERAL_CONVERSION = YES;
				CLANG_WARN_OBJC_ROOT_CLASS = YES_ERROR;
				CLANG_WARN_QUOTED_INCLUDE_IN_FRAMEWORK_HEADER = YES;
				CLANG_WARN_RANGE_LOOP_ANALYSIS = YES;
				CLANG_WARN_STRICT_PROTOTYPES = YES;
				CLANG_WARN_SUSPICIOUS_MOVE = YES;
				CLANG_WARN_UNGUARDED_AVAILABILITY = YES_AGGRESSIVE;
				CLANG_WARN_UNREACHABLE_CODE = YES;
				CLANG_WARN__DUPLICATE_METHOD_MATCH = YES;
				COPY_PHASE_STRIP = NO;
				DEBUG_INFORMATION_FORMAT = "dwarf-with-dsym";
				ENABLE_NS_ASSERTIONS = NO;
				ENABLE_STRICT_OBJC_MSGSEND = YES;
				GCC_C_LANGUAGE_STANDARD = gnu11;
				GCC_NO_COMMON_BLOCKS = YES;
				GCC_WARN_64_TO_32_BIT_CONVERSION = YES;
				GCC_WARN_ABOUT_RETURN_TYPE = YES_ERROR;
				GCC_WARN_UNDECLARED_SELECTOR = YES;
				GCC_WARN_UNINITIALIZED_AUTOS = YES_AGGRESSIVE;
				GCC_WARN_UNUSED_FUNCTION = YES;
				GCC_WARN_UNUSED_VARIABLE = YES;
				IPHONEOS_DEPLOYMENT_TARGET = 14.4;
				MTL_ENABLE_DEBUG_INFO = NO;
				MTL_FAST_MATH = YES;
				SDKROOT = iphoneos;
				SWIFT_COMPILATION_MODE = wholemodule;
				SWIFT_OPTIMIZATION_LEVEL = "-O";
				VALIDATE_PRODUCT = YES;
			};
			name = Release;
		};
		0EE0185426B96AEF00AEB059 /* Debug */ = {
			isa = XCBuildConfiguration;
			baseConfigurationReference = 537CDCD2BCF0A83A07B19A55 /* Pods-ITinder.debug.xcconfig */;
			buildSettings = {
				ASSETCATALOG_COMPILER_APPICON_NAME = AppIcon;
				ASSETCATALOG_COMPILER_GLOBAL_ACCENT_COLOR_NAME = AccentColor;
				CODE_SIGN_STYLE = Automatic;
				DEVELOPMENT_TEAM = 78553PNJDP;
				INFOPLIST_FILE = ITinder/Info.plist;
				IPHONEOS_DEPLOYMENT_TARGET = 14.4;
				LD_RUNPATH_SEARCH_PATHS = (
					"$(inherited)",
					"@executable_path/Frameworks",
				);
				PRODUCT_BUNDLE_IDENTIFIER = com.example.ITinder;
				PRODUCT_NAME = "$(TARGET_NAME)";
				SWIFT_VERSION = 5.0;
				TARGETED_DEVICE_FAMILY = "1,2";
			};
			name = Debug;
		};
		0EE0185526B96AEF00AEB059 /* Release */ = {
			isa = XCBuildConfiguration;
			baseConfigurationReference = 3D8F4B84C0B4B44156F5CEA3 /* Pods-ITinder.release.xcconfig */;
			buildSettings = {
				ASSETCATALOG_COMPILER_APPICON_NAME = AppIcon;
				ASSETCATALOG_COMPILER_GLOBAL_ACCENT_COLOR_NAME = AccentColor;
				CODE_SIGN_STYLE = Automatic;
				DEVELOPMENT_TEAM = 78553PNJDP;
				INFOPLIST_FILE = ITinder/Info.plist;
				IPHONEOS_DEPLOYMENT_TARGET = 14.4;
				LD_RUNPATH_SEARCH_PATHS = (
					"$(inherited)",
					"@executable_path/Frameworks",
				);
				PRODUCT_BUNDLE_IDENTIFIER = com.example.ITinder;
				PRODUCT_NAME = "$(TARGET_NAME)";
				SWIFT_VERSION = 5.0;
				TARGETED_DEVICE_FAMILY = "1,2";
			};
			name = Release;
		};
/* End XCBuildConfiguration section */

/* Begin XCConfigurationList section */
		0EE0183A26B96AEA00AEB059 /* Build configuration list for PBXProject "ITinder" */ = {
			isa = XCConfigurationList;
			buildConfigurations = (
				0EE0185126B96AEF00AEB059 /* Debug */,
				0EE0185226B96AEF00AEB059 /* Release */,
			);
			defaultConfigurationIsVisible = 0;
			defaultConfigurationName = Release;
		};
		0EE0185326B96AEF00AEB059 /* Build configuration list for PBXNativeTarget "ITinder" */ = {
			isa = XCConfigurationList;
			buildConfigurations = (
				0EE0185426B96AEF00AEB059 /* Debug */,
				0EE0185526B96AEF00AEB059 /* Release */,
			);
			defaultConfigurationIsVisible = 0;
			defaultConfigurationName = Release;
		};
/* End XCConfigurationList section */
	};
	rootObject = 0EE0183726B96AEA00AEB059 /* Project object */;
}
